
Microsoft Visual Studio Solution File, Format Version 12.00
# Visual Studio 2012
Project("{FAE04EC0-301F-11D3-BF4B-00C04F79EFBC}") = "Server", "Server\Server.csproj", "{678C2615-E88A-4CB5-9531-201E3E95277C}"
EndProject
Project("{FAE04EC0-301F-11D3-BF4B-00C04F79EFBC}") = "ConsoleApplication1", "ConsoleApplication1\ConsoleApplication1.csproj", "{9567C4AB-FD09-4CEE-8DCF-34B32225D865}"
EndProject
Global
	GlobalSection(SolutionConfigurationPlatforms) = preSolution
		Debug|Any CPU = Debug|Any CPU
		Release|Any CPU = Release|Any CPU
	EndGlobalSection
	GlobalSection(ProjectConfigurationPlatforms) = postSolution
		{678C2615-E88A-4CB5-9531-201E3E95277C}.Debug|Any CPU.ActiveCfg = Debug|Any CPU
		{678C2615-E88A-4CB5-9531-201E3E95277C}.Debug|Any CPU.Build.0 = Debug|Any CPU
		{678C2615-E88A-4CB5-9531-201E3E95277C}.Release|Any CPU.ActiveCfg = Release|Any CPU
		{678C2615-E88A-4CB5-9531-201E3E95277C}.Release|Any CPU.Build.0 = Release|Any CPU
		{9567C4AB-FD09-4CEE-8DCF-34B32225D865}.Debug|Any CPU.ActiveCfg = Debug|Any CPU
		{9567C4AB-FD09-4CEE-8DCF-34B32225D865}.Debug|Any CPU.Build.0 = Debug|Any CPU
		{9567C4AB-FD09-4CEE-8DCF-34B32225D865}.Release|Any CPU.ActiveCfg = Release|Any CPU
		{9567C4AB-FD09-4CEE-8DCF-34B32225D865}.Release|Any CPU.Build.0 = Release|Any CPU
	EndGlobalSection
	GlobalSection(SolutionProperties) = preSolution
		HideSolutionNode = FALSE
	EndGlobalSection
EndGlobal
